PODS:
  - Bolts (1.1.3)
  - ChartboostSDK (5.0.3)
  - Facebook-iOS-SDK (3.19.0):
    - Bolts (~> 1.0)
  - GameCenterManager (5.3):
    - Reachability
  - Google-Mobile-Ads-SDK (6.12.0)
  - GoogleAnalytics-iOS-SDK (3.0.9)
  - Reachability (3.1.1)

DEPENDENCIES:
  - ChartboostSDK (= 5.0.3)
  - Facebook-iOS-SDK (= 3.19)
  - GameCenterManager (= 5.3)
  - Google-Mobile-Ads-SDK (~> 6.12)
  - GoogleAnalytics-iOS-SDK (= 3.0.9)

SPEC CHECKSUMS:
  Bolts: 3db0a875235e0c9042b013af13af0f00f79b102c
  ChartboostSDK: 76a8f4b042533c17cc1cdbfb0ddc639e350a3f0d
  Facebook-iOS-SDK: cb7d74759d0b1ba546e6e6f1dde407b0d4e448d6
  GameCenterManager: 9d36711a4688a59a728e0e3f9a050aa835fba618
  Google-Mobile-Ads-SDK: b1b5cfd1b604a8412faa5536586b13a4b640f344
  GoogleAnalytics-iOS-SDK: d9e198b1f955259a72886769be7377cdfcdb2250
  Reachability: 8e9635e3cb4f98e7f825e51147f677ecc694d0e7

COCOAPODS: 0.34.4
